// !$*UTF8*$!
{
	archiveVersion = 1;
	classes = {
	};
	objectVersion = 46;
	objects = {

/* Begin PBXBuildFile section */
		992EF4971D2B4D30006F26FA /* Graph.md in Sources */ = {isa = PBXBuildFile; fileRef = 992EF4961D2B4D30006F26FA /* Graph.md */; };
		9DD7E2321D2AB80D0006E3C5 /* main.swift in Sources */ = {isa = PBXBuildFile; fileRef = 9DD7E2311D2AB80D0006E3C5 /* main.swift */; };
		9DD7E23A1D2AB8510006E3C5 /* UnionFind.swift in Sources */ = {isa = PBXBuildFile; fileRef = 9DD7E2381D2AB8510006E3C5 /* UnionFind.swift */; };
		9DD7E2421D2AB8880006E3C5 /* Graph.swift in Sources */ = {isa = PBXBuildFile; fileRef = 9DD7E2401D2AB8880006E3C5 /* Graph.swift */; };
/* End PBXBuildFile section */

/* Begin PBXCopyFilesBuildPhase section */
		9DD7E22C1D2AB80C0006E3C5 /* CopyFiles */ = {
			isa = PBXCopyFilesBuildPhase;
			buildActionMask = 2147483647;
			dstPath = /usr/share/man/man1/;
			dstSubfolderSpec = 0;
			files = (
			);
			runOnlyForDeploymentPostprocessing = 1;
		};
/* End PBXCopyFilesBuildPhase section */

/* Begin PBXFileReference section */
		992EF4961D2B4D30006F26FA /* Graph.md */ = {isa = PBXFileReference; fileEncoding = 4; lastKnownFileType = net.daringfireball.markdown; path = Graph.md; sourceTree = "<group>"; };
		9DD7E22E1D2AB80C0006E3C5 /* Algorithms */ = {isa = PBXFileReference; explicitFileType = "compiled.mach-o.executable"; includeInIndex = 0; path = Algorithms; sourceTree = BUILT_PRODUCTS_DIR; };
		9DD7E2311D2AB80D0006E3C5 /* main.swift */ = {isa = PBXFileReference; lastKnownFileType = sourcecode.swift; path = main.swift; sourceTree = "<group>"; };
		9DD7E2381D2AB8510006E3C5 /* UnionFind.swift */ = {isa = PBXFileReference; fileEncoding = 4; lastKnownFileType = sourcecode.swift; path = UnionFind.swift; sourceTree = "<group>"; };
		9DD7E2401D2AB8880006E3C5 /* Graph.swift */ = {isa = PBXFileReference; fileEncoding = 4; lastKnownFileType = sourcecode.swift; path = Graph.swift; sourceTree = "<group>"; };
/* End PBXFileReference section */

/* Begin PBXFrameworksBuildPhase section */
		9DD7E22B1D2AB80C0006E3C5 /* Frameworks */ = {
			isa = PBXFrameworksBuildPhase;
			buildActionMask = 2147483647;
			files = (
			);
			runOnlyForDeploymentPostprocessing = 0;
		};
/* End PBXFrameworksBuildPhase section */

/* Begin PBXGroup section */
		9DD7E2251D2AB80C0006E3C5 = {
			isa = PBXGroup;
			children = (
				9DD7E2411D2AB8880006E3C5 /* Graph */,
				9DD7E2391D2AB8510006E3C5 /* DynamicConnectivity */,
				9DD7E2301D2AB80C0006E3C5 /* Algorithms */,
				9DD7E22F1D2AB80C0006E3C5 /* Products */,
			);
			sourceTree = "<group>";
		};
		9DD7E22F1D2AB80C0006E3C5 /* Products */ = {
			isa = PBXGroup;
			children = (
				9DD7E22E1D2AB80C0006E3C5 /* Algorithms */,
			);
			name = Products;
			sourceTree = "<group>";
		};
		9DD7E2301D2AB80C0006E3C5 /* Algorithms */ = {
			isa = PBXGroup;
			children = (
				9DD7E2311D2AB80D0006E3C5 /* main.swift */,
			);
			path = Algorithms;
			sourceTree = "<group>";
		};
		9DD7E2391D2AB8510006E3C5 /* DynamicConnectivity */ = {
			isa = PBXGroup;
			children = (
				9DD7E2381D2AB8510006E3C5 /* UnionFind.swift */,
			);
			name = DynamicConnectivity;
			path = ../DynamicConnectivity;
			sourceTree = "<group>";
		};
		9DD7E2411D2AB8880006E3C5 /* Graph */ = {
			isa = PBXGroup;
			children = (
				9DD7E2401D2AB8880006E3C5 /* Graph.swift */,
				992EF4961D2B4D30006F26FA /* Graph.md */,
			);
			name = Graph;
			path = ../Graph;
			sourceTree = "<group>";
		};
/* End PBXGroup section */

/* Begin PBXNativeTarget section */
		9DD7E22D1D2AB80C0006E3C5 /* Algorithms */ = {
			isa = PBXNativeTarget;
			buildConfigurationList = 9DD7E2351D2AB80D0006E3C5 /* Build configuration list for PBXNativeTarget "Algorithms" */;
			buildPhases = (
				9DD7E22A1D2AB80C0006E3C5 /* Sources */,
				9DD7E22B1D2AB80C0006E3C5 /* Frameworks */,
				9DD7E22C1D2AB80C0006E3C5 /* CopyFiles */,
			);
			buildRules = (
			);
			dependencies = (
			);
			name = Algorithms;
			productName = Algorithms;
			productReference = 9DD7E22E1D2AB80C0006E3C5 /* Algorithms */;
			productType = "com.apple.product-type.tool";
		};
/* End PBXNativeTarget section */

/* Begin PBXProject section */
		9DD7E2261D2AB80C0006E3C5 /* Project object */ = {
			isa = PBXProject;
			attributes = {
				LastSwiftUpdateCheck = 0800;
				LastUpgradeCheck = 0800;
				ORGANIZATIONNAME = "Mingming Wang";
				TargetAttributes = {
					9DD7E22D1D2AB80C0006E3C5 = {
						CreatedOnToolsVersion = 8.0;
						ProvisioningStyle = Automatic;
					};
				};
			};
			buildConfigurationList = 9DD7E2291D2AB80C0006E3C5 /* Build configuration list for PBXProject "Algorithms" */;
			compatibilityVersion = "Xcode 3.2";
			developmentRegion = English;
			hasScannedForEncodings = 0;
			knownRegions = (
				en,
			);
			mainGroup = 9DD7E2251D2AB80C0006E3C5;
			productRefGroup = 9DD7E22F1D2AB80C0006E3C5 /* Products */;
			projectDirPath = "";
			projectRoot = "";
			targets = (
				9DD7E22D1D2AB80C0006E3C5 /* Algorithms */,
			);
		};
/* End PBXProject section */

/* Begin PBXSourcesBuildPhase section */
		9DD7E22A1D2AB80C0006E3C5 /* Sources */ = {
			isa = PBXSourcesBuildPhase;
			buildActionMask = 2147483647;
			files = (
				9DD7E2421D2AB8880006E3C5 /* Graph.swift in Sources */,
				992EF4971D2B4D30006F26FA /* Graph.md in Sources */,
				9DD7E23A1D2AB8510006E3C5 /* UnionFind.swift in Sources */,
				9DD7E2321D2AB80D0006E3C5 /* main.swift in Sources */,
			);
			runOnlyForDeploymentPostprocessing = 0;
		};
/* End PBXSourcesBuildPhase section */

/* Begin XCBuildConfiguration section */
		9DD7E2331D2AB80D0006E3C5 /* Debug */ = {
			isa = XCBuildConfiguration;
			buildSettings = {
				ALWAYS_SEARCH_USER_PATHS = NO;
				CLANG_ANALYZER_NONNULL = YES;
				CLANG_CXX_LANGUAGE_STANDARD = "gnu++0x";
				CLANG_CXX_LIBRARY = "libc++";
				CLANG_ENABLE_MODULES = YES;
				CLANG_ENABLE_OBJC_ARC = YES;
				CLANG_WARN_BOOL_CONVERSION = YES;
				CLANG_WARN_CONSTANT_CONVERSION = YES;
				CLANG_WARN_DIRECT_OBJC_ISA_USAGE = YES_ERROR;
				CLANG_WARN_DOCUMENTATION_COMMENTS = YES;
				CLANG_WARN_EMPTY_BODY = YES;
				CLANG_WARN_ENUM_CONVERSION = YES;
				CLANG_WARN_INT_CONVERSION = YES;
				CLANG_WARN_OBJC_ROOT_CLASS = YES_ERROR;
				CLANG_WARN_UNREACHABLE_CODE = YES;
				CLANG_WARN__DUPLICATE_METHOD_MATCH = YES;
				CODE_SIGN_IDENTITY = "-";
				COPY_PHASE_STRIP = NO;
				DEBUG_INFORMATION_FORMAT = dwarf;
				ENABLE_STRICT_OBJC_MSGSEND = YES;
				ENABLE_TESTABILITY = YES;
				GCC_C_LANGUAGE_STANDARD = gnu99;
				GCC_DYNAMIC_NO_PIC = NO;
				GCC_NO_COMMON_BLOCKS = YES;
				GCC_OPTIMIZATION_LEVEL = 0;
				GCC_PREPROCESSOR_DEFINITIONS = (
					"DEBUG=1",
					"$(inherited)",
				);
				GCC_WARN_64_TO_32_BIT_CONVERSION = YES;
				GCC_WARN_ABOUT_RETURN_TYPE = YES_ERROR;
				GCC_WARN_UNDECLARED_SELECTOR = YES;
				GCC_WARN_UNINITIALIZED_AUTOS = YES_AGGRESSIVE;
				GCC_WARN_UNUSED_FUNCTION = YES;
				GCC_WARN_UNUSED_VARIABLE = YES;
				MACOSX_DEPLOYMENT_TARGET = 10.12;
				MTL_ENABLE_DEBUG_INFO = YES;
				ONLY_ACTIVE_ARCH = YES;
				SDKROOT = macosx;
				SWIFT_OPTIMIZATION_LEVEL = "-Onone";
			};
			name = Debug;
		};
		9DD7E2341D2AB80D0006E3C5 /* Release */ = {
			isa = XCBuildConfiguration;
			buildSettings = {
				ALWAYS_SEARCH_USER_PATHS = NO;
				CLANG_ANALYZER_NONNULL = YES;
				CLANG_CXX_LANGUAGE_STANDARD = "gnu++0x";
				CLANG_CXX_LIBRARY = "libc++";
				CLANG_ENABLE_MODULES = YES;
				CLANG_ENABLE_OBJC_ARC = YES;
				CLANG_WARN_BOOL_CONVERSION = YES;
				CLANG_WARN_CONSTANT_CONVERSION = YES;
				CLANG_WARN_DIRECT_OBJC_ISA_USAGE = YES_ERROR;
				CLANG_WARN_DOCUMENTATION_COMMENTS = YES;
				CLANG_WARN_EMPTY_BODY = YES;
				CLANG_WARN_ENUM_CONVERSION = YES;
				CLANG_WARN_INT_CONVERSION = YES;
				CLANG_WARN_OBJC_ROOT_CLASS = YES_ERROR;
				CLANG_WARN_UNREACHABLE_CODE = YES;
				CLANG_WARN__DUPLICATE_METHOD_MATCH = YES;
				CODE_SIGN_IDENTITY = "-";
				COPY_PHASE_STRIP = NO;
				DEBUG_INFORMATION_FORMAT = "dwarf-with-dsym";
				ENABLE_NS_ASSERTIONS = NO;
				ENABLE_STRICT_OBJC_MSGSEND = YES;
				GCC_C_LANGUAGE_STANDARD = gnu99;
				GCC_NO_COMMON_BLOCKS = YES;
				GCC_WARN_64_TO_32_BIT_CONVERSION = YES;
				GCC_WARN_ABOUT_RETURN_TYPE = YES_ERROR;
				GCC_WARN_UNDECLARED_SELECTOR = YES;
				GCC_WARN_UNINITIALIZED_AUTOS = YES_AGGRESSIVE;
				GCC_WARN_UNUSED_FUNCTION = YES;
				GCC_WARN_UNUSED_VARIABLE = YES;
				MACOSX_DEPLOYMENT_TARGET = 10.12;
				MTL_ENABLE_DEBUG_INFO = NO;
				SDKROOT = macosx;
			};
			name = Release;
		};
		9DD7E2361D2AB80D0006E3C5 /* Debug */ = {
			isa = XCBuildConfiguration;
			buildSettings = {
				MACOSX_DEPLOYMENT_TARGET = 10.11;
				PRODUCT_NAME = "$(TARGET_NAME)";
			};
			name = Debug;
		};
		9DD7E2371D2AB80D0006E3C5 /* Release */ = {
			isa = XCBuildConfiguration;
			buildSettings = {
				MACOSX_DEPLOYMENT_TARGET = 10.11;
				PRODUCT_NAME = "$(TARGET_NAME)";
				SWIFT_OPTIMIZATION_LEVEL = "-Owholemodule";
			};
			name = Release;
		};
/* End XCBuildConfiguration section */

/* Begin XCConfigurationList section */
		9DD7E2291D2AB80C0006E3C5 /* Build configuration list for PBXProject "Algorithms" */ = {
			isa = XCConfigurationList;
			buildConfigurations = (
				9DD7E2331D2AB80D0006E3C5 /* Debug */,
				9DD7E2341D2AB80D0006E3C5 /* Release */,
			);
			defaultConfigurationIsVisible = 0;
			defaultConfigurationName = Release;
		};
		9DD7E2351D2AB80D0006E3C5 /* Build configuration list for PBXNativeTarget "Algorithms" */ = {
			isa = XCConfigurationList;
			buildConfigurations = (
				9DD7E2361D2AB80D0006E3C5 /* Debug */,
				9DD7E2371D2AB80D0006E3C5 /* Release */,
			);
			defaultConfigurationIsVisible = 0;
			defaultConfigurationName = Release;
		};
/* End XCConfigurationList section */
	};
	rootObject = 9DD7E2261D2AB80C0006E3C5 /* Project object */;
}
